<?xml version="1.0" encoding="utf-8"?>
<Project ToolsVersion="4.0" xmlns="http://schemas.microsoft.com/developer/msbuild/2003">
  <ItemGroup>
    <Filter Include="소스 파일">
      <UniqueIdentifier>{4FC737F1-C7A5-4376-A066-2A32D752A2FF}</UniqueIdentifier>
      <Extensions>cpp;c;cc;cxx;c++;cppm;ixx;def;odl;idl;hpj;bat;asm;asmx</Extensions>
    </Filter>
    <Filter Include="헤더 파일">
      <UniqueIdentifier>{93995380-89BD-4b04-88EB-625FBE52EBFB}</UniqueIdentifier>
      <Extensions>h;hh;hpp;hxx;h++;hm;inl;inc;ipp;xsd</Extensions>
    </Filter>
    <Filter Include="리소스 파일">
      <UniqueIdentifier>{67DA6AB6-F800-4c08-8B7A-83BB121AAD01}</UniqueIdentifier>
      <Extensions>rc;ico;cur;bmp;dlg;rc2;rct;bin;rgs;gif;jpg;jpeg;jpe;resx;tiff;tif;png;wav;mfcribbon-ms</Extensions>
    </Filter>
    <Filter Include="소스 파일\ExerciseShader">
      <UniqueIdentifier>{fbbef777-5451-4ec9-ad36-ab4f08d22976}</UniqueIdentifier>
    </Filter>
    <Filter Include="소스 파일\GettingStarted">
      <UniqueIdentifier>{0bb238e5-41e1-42c7-88f0-f1fe32e5d24e}</UniqueIdentifier>
    </Filter>
    <Filter Include="소스 파일\Lighting">
      <UniqueIdentifier>{96d2a7d5-f1d8-44bc-992f-b7a5923a8336}</UniqueIdentifier>
    </Filter>
    <Filter Include="소스 파일\AdvencedOpenGL">
      <UniqueIdentifier>{40366cc1-690d-4090-9b08-b86ec57318de}</UniqueIdentifier>
    </Filter>
    <Filter Include="소스 파일\ModelLoading">
      <UniqueIdentifier>{dd699021-417d-46a2-ac05-b603e74f9d13}</UniqueIdentifier>
    </Filter>
  </ItemGroup>
  <ItemGroup>
    <ClCompile Include="glad.c">
      <Filter>소스 파일</Filter>
    </ClCompile>
    <ClCompile Include="stb_image.cpp">
      <Filter>소스 파일</Filter>
    </ClCompile>
    <ClCompile Include="GettingStarted\LearnOpenGL.cpp">
      <Filter>소스 파일\GettingStarted</Filter>
    </ClCompile>
    <ClCompile Include="Lighting\LearnLight.cpp">
      <Filter>소스 파일\Lighting</Filter>
    </ClCompile>
    <ClCompile Include="DepthTesting.cpp">
      <Filter>소스 파일\AdvencedOpenGL</Filter>
    </ClCompile>
    <ClCompile Include="StensilTesting.cpp">
      <Filter>소스 파일\AdvencedOpenGL</Filter>
    </ClCompile>
    <ClCompile Include="Blending.cpp">
      <Filter>소스 파일\AdvencedOpenGL</Filter>
    </ClCompile>
    <ClCompile Include="FaceCulling.cpp">
      <Filter>소스 파일\AdvencedOpenGL</Filter>
    </ClCompile>
    <ClCompile Include="FrameBuffer.cpp">
      <Filter>소스 파일\AdvencedOpenGL</Filter>
    </ClCompile>
    <ClCompile Include="EnvironmentMapping.cpp">
      <Filter>소스 파일</Filter>
    </ClCompile>
    <ClCompile Include="Cubemaps.cpp">
      <Filter>소스 파일\AdvencedOpenGL</Filter>
    </ClCompile>
    <ClCompile Include="ModelLoading\ModelLoading.cpp">
      <Filter>소스 파일\ModelLoading</Filter>
    </ClCompile>
  </ItemGroup>
  <ItemGroup>
    <None Include="Shader\vShaderExercise.vert">
      <Filter>소스 파일\ExerciseShader</Filter>
    </None>
    <None Include="Shader\fShaderExercise.frag">
      <Filter>소스 파일\ExerciseShader</Filter>
    </None>
    <None Include="LightingVS.vert">
      <Filter>소스 파일</Filter>
    </None>
    <None Include="LightingFS.frag">
      <Filter>소스 파일</Filter>
    </None>
    <None Include="Lighting_Cube_FS.frag">
      <Filter>소스 파일</Filter>
    </None>
    <None Include="GettingStarted\VertexShader.vert">
      <Filter>소스 파일\GettingStarted</Filter>
    </None>
    <None Include="GettingStarted\FragmentShader.frag">
      <Filter>소스 파일\GettingStarted</Filter>
    </None>
    <None Include="ModelLoadingVS.vert">
      <Filter>소스 파일</Filter>
    </None>
    <None Include="ModelLoadingFS.frag">
      <Filter>소스 파일</Filter>
    </None>
    <None Include="basicVS.vert">
      <Filter>소스 파일</Filter>
    </None>
    <None Include="basicFS.frag">
      <Filter>소스 파일</Filter>
    </None>
    <None Include="DepthTestingFS.frag">
      <Filter>소스 파일</Filter>
    </None>
    <None Include="StencilShader.frag">
      <Filter>소스 파일\Lighting</Filter>
    </None>
    <None Include="FramebufferVS.vert">
      <Filter>소스 파일</Filter>
    </None>
    <None Include="FramebufferFS.frag">
      <Filter>소스 파일</Filter>
    </None>
    <None Include="SkyBoxVS.vert">
      <Filter>소스 파일</Filter>
    </None>
    <None Include="SkyBoxFS.frag">
      <Filter>소스 파일</Filter>
    </None>
    <None Include="EnvironmentMappingVS.vert">
      <Filter>소스 파일</Filter>
    </None>
    <None Include="EnvironmentMappingFS.frag">
      <Filter>소스 파일</Filter>
    </None>
  </ItemGroup>
  <ItemGroup>
    <ClInclude Include="shader.h">
      <Filter>헤더 파일</Filter>
    </ClInclude>
    <ClInclude Include="stb_image.h">
      <Filter>헤더 파일</Filter>
    </ClInclude>
    <ClInclude Include="camera.h">
      <Filter>헤더 파일</Filter>
    </ClInclude>
    <ClInclude Include="FPScamera.h">
      <Filter>헤더 파일</Filter>
    </ClInclude>
    <ClInclude Include="Mesh.h">
      <Filter>헤더 파일</Filter>
    </ClInclude>
    <ClInclude Include="Model.h">
      <Filter>헤더 파일</Filter>
    </ClInclude>
  </ItemGroup>
</Project>